
Microsoft Visual Studio Solution File, Format Version 12.00
# Visual Studio 15
VisualStudioVersion = 15.0.26403.0
MinimumVisualStudioVersion = 10.0.40219.1
Project("{FAE04EC0-301F-11D3-BF4B-00C04F79EFBC}") = "YTXamEvents.Android", "YouTubeAdminXamarinEvents\YouTubeAdminXamarinEvents.Android\YTXamEvents.Android.csproj", "{0ACC4F74-05C2-4BCF-A967-1877B3F8DE3B}"
EndProject
Project("{FAE04EC0-301F-11D3-BF4B-00C04F79EFBC}") = "YTXamEvents", "YouTubeAdminXamarinEvents\YouTubeAdminXamarinEvents\YTXamEvents.csproj", "{BB11EAA6-D611-4986-BD07-06E2A488289D}"
EndProject
Project("{FAE04EC0-301F-11D3-BF4B-00C04F79EFBC}") = "YTXamEvents.UWP", "YouTubeAdminXamarinEvents\YouTubeAdminXamarinEvents.UWP\YTXamEvents.UWP.csproj", "{BE76DA43-F5A6-4FFF-A1D9-0233CDF9A302}"
EndProject
Project("{FAE04EC0-301F-11D3-BF4B-00C04F79EFBC}") = "YTXamEvents.iOS", "YouTubeAdminXamarinEvents\YouTubeAdminXamarinEvents.iOS\YTXamEvents.iOS.csproj", "{BF718824-9D41-4DD6-8FDE-87918D9F9315}"
EndProject
Global
	GlobalSection(SolutionConfigurationPlatforms) = preSolution
		Ad-Hoc|Any CPU = Ad-Hoc|Any CPU
		Ad-Hoc|ARM = Ad-Hoc|ARM
		Ad-Hoc|iPhone = Ad-Hoc|iPhone
		Ad-Hoc|iPhoneSimulator = Ad-Hoc|iPhoneSimulator
		Ad-Hoc|x64 = Ad-Hoc|x64
		Ad-Hoc|x86 = Ad-Hoc|x86
		AppStore|Any CPU = AppStore|Any CPU
		AppStore|ARM = AppStore|ARM
		AppStore|iPhone = AppStore|iPhone
		AppStore|iPhoneSimulator = AppStore|iPhoneSimulator
		AppStore|x64 = AppStore|x64
		AppStore|x86 = AppStore|x86
		Debug|Any CPU = Debug|Any CPU
		Debug|ARM = Debug|ARM
		Debug|iPhone = Debug|iPhone
		Debug|iPhoneSimulator = Debug|iPhoneSimulator
		Debug|x64 = Debug|x64
		Debug|x86 = Debug|x86
		Release|Any CPU = Release|Any CPU
		Release|ARM = Release|ARM
		Release|iPhone = Release|iPhone
		Release|iPhoneSimulator = Release|iPhoneSimulator
		Release|x64 = Release|x64
		Release|x86 = Release|x86
	EndGlobalSection
	GlobalSection(ProjectConfigurationPlatforms) = postSolution
		{0ACC4F74-05C2-4BCF-A967-1877B3F8DE3B}.Ad-Hoc|Any CPU.ActiveCfg = Release|Any CPU
		{0ACC4F74-05C2-4BCF-A967-1877B3F8DE3B}.Ad-Hoc|Any CPU.Build.0 = Release|Any CPU
		{0ACC4F74-05C2-4BCF-A967-1877B3F8DE3B}.Ad-Hoc|Any CPU.Deploy.0 = Release|Any CPU
		{0ACC4F74-05C2-4BCF-A967-1877B3F8DE3B}.Ad-Hoc|ARM.ActiveCfg = Release|Any CPU
		{0ACC4F74-05C2-4BCF-A967-1877B3F8DE3B}.Ad-Hoc|ARM.Build.0 = Release|Any CPU
		{0ACC4F74-05C2-4BCF-A967-1877B3F8DE3B}.Ad-Hoc|ARM.Deploy.0 = Release|Any CPU
		{0ACC4F74-05C2-4BCF-A967-1877B3F8DE3B}.Ad-Hoc|iPhone.ActiveCfg = Release|Any CPU
		{0ACC4F74-05C2-4BCF-A967-1877B3F8DE3B}.Ad-Hoc|iPhone.Build.0 = Release|Any CPU
		{0ACC4F74-05C2-4BCF-A967-1877B3F8DE3B}.Ad-Hoc|iPhone.Deploy.0 = Release|Any CPU
		{0ACC4F74-05C2-4BCF-A967-1877B3F8DE3B}.Ad-Hoc|iPhoneSimulator.ActiveCfg = Release|Any CPU
		{0ACC4F74-05C2-4BCF-A967-1877B3F8DE3B}.Ad-Hoc|iPhoneSimulator.Build.0 = Release|Any CPU
		{0ACC4F74-05C2-4BCF-A967-1877B3F8DE3B}.Ad-Hoc|iPhoneSimulator.Deploy.0 = Release|Any CPU
		{0ACC4F74-05C2-4BCF-A967-1877B3F8DE3B}.Ad-Hoc|x64.ActiveCfg = Release|Any CPU
		{0ACC4F74-05C2-4BCF-A967-1877B3F8DE3B}.Ad-Hoc|x64.Build.0 = Release|Any CPU
		{0ACC4F74-05C2-4BCF-A967-1877B3F8DE3B}.Ad-Hoc|x64.Deploy.0 = Release|Any CPU
		{0ACC4F74-05C2-4BCF-A967-1877B3F8DE3B}.Ad-Hoc|x86.ActiveCfg = Release|Any CPU
		{0ACC4F74-05C2-4BCF-A967-1877B3F8DE3B}.Ad-Hoc|x86.Build.0 = Release|Any CPU
		{0ACC4F74-05C2-4BCF-A967-1877B3F8DE3B}.Ad-Hoc|x86.Deploy.0 = Release|Any CPU
		{0ACC4F74-05C2-4BCF-A967-1877B3F8DE3B}.AppStore|Any CPU.ActiveCfg = Release|Any CPU
		{0ACC4F74-05C2-4BCF-A967-1877B3F8DE3B}.AppStore|Any CPU.Build.0 = Release|Any CPU
		{0ACC4F74-05C2-4BCF-A967-1877B3F8DE3B}.AppStore|Any CPU.Deploy.0 = Release|Any CPU
		{0ACC4F74-05C2-4BCF-A967-1877B3F8DE3B}.AppStore|ARM.ActiveCfg = Release|Any CPU
		{0ACC4F74-05C2-4BCF-A967-1877B3F8DE3B}.AppStore|ARM.Build.0 = Release|Any CPU
		{0ACC4F74-05C2-4BCF-A967-1877B3F8DE3B}.AppStore|ARM.Deploy.0 = Release|Any CPU
		{0ACC4F74-05C2-4BCF-A967-1877B3F8DE3B}.AppStore|iPhone.ActiveCfg = Release|Any CPU
		{0ACC4F74-05C2-4BCF-A967-1877B3F8DE3B}.AppStore|iPhone.Build.0 = Release|Any CPU
		{0ACC4F74-05C2-4BCF-A967-1877B3F8DE3B}.AppStore|iPhone.Deploy.0 = Release|Any CPU
		{0ACC4F74-05C2-4BCF-A967-1877B3F8DE3B}.AppStore|iPhoneSimulator.ActiveCfg = Release|Any CPU
		{0ACC4F74-05C2-4BCF-A967-1877B3F8DE3B}.AppStore|iPhoneSimulator.Build.0 = Release|Any CPU
		{0ACC4F74-05C2-4BCF-A967-1877B3F8DE3B}.AppStore|iPhoneSimulator.Deploy.0 = Release|Any CPU
		{0ACC4F74-05C2-4BCF-A967-1877B3F8DE3B}.AppStore|x64.ActiveCfg = Release|Any CPU
		{0ACC4F74-05C2-4BCF-A967-1877B3F8DE3B}.AppStore|x64.Build.0 = Release|Any CPU
		{0ACC4F74-05C2-4BCF-A967-1877B3F8DE3B}.AppStore|x64.Deploy.0 = Release|Any CPU
		{0ACC4F74-05C2-4BCF-A967-1877B3F8DE3B}.AppStore|x86.ActiveCfg = Release|Any CPU
		{0ACC4F74-05C2-4BCF-A967-1877B3F8DE3B}.AppStore|x86.Build.0 = Release|Any CPU
		{0ACC4F74-05C2-4BCF-A967-1877B3F8DE3B}.AppStore|x86.Deploy.0 = Release|Any CPU
		{0ACC4F74-05C2-4BCF-A967-1877B3F8DE3B}.Debug|Any CPU.ActiveCfg = Debug|Any CPU
		{0ACC4F74-05C2-4BCF-A967-1877B3F8DE3B}.Debug|Any CPU.Build.0 = Debug|Any CPU
		{0ACC4F74-05C2-4BCF-A967-1877B3F8DE3B}.Debug|Any CPU.Deploy.0 = Debug|Any CPU
		{0ACC4F74-05C2-4BCF-A967-1877B3F8DE3B}.Debug|ARM.ActiveCfg = Debug|Any CPU
		{0ACC4F74-05C2-4BCF-A967-1877B3F8DE3B}.Debug|ARM.Build.0 = Debug|Any CPU
		{0ACC4F74-05C2-4BCF-A967-1877B3F8DE3B}.Debug|ARM.Deploy.0 = Debug|Any CPU
		{0ACC4F74-05C2-4BCF-A967-1877B3F8DE3B}.Debug|iPhone.ActiveCfg = Debug|Any CPU
		{0ACC4F74-05C2-4BCF-A967-1877B3F8DE3B}.Debug|iPhone.Build.0 = Debug|Any CPU
		{0ACC4F74-05C2-4BCF-A967-1877B3F8DE3B}.Debug|iPhone.Deploy.0 = Debug|Any CPU
		{0ACC4F74-05C2-4BCF-A967-1877B3F8DE3B}.Debug|iPhoneSimulator.ActiveCfg = Debug|Any CPU
		{0ACC4F74-05C2-4BCF-A967-1877B3F8DE3B}.Debug|iPhoneSimulator.Build.0 = Debug|Any CPU
		{0ACC4F74-05C2-4BCF-A967-1877B3F8DE3B}.Debug|iPhoneSimulator.Deploy.0 = Debug|Any CPU
		{0ACC4F74-05C2-4BCF-A967-1877B3F8DE3B}.Debug|x64.ActiveCfg = Debug|Any CPU
		{0ACC4F74-05C2-4BCF-A967-1877B3F8DE3B}.Debug|x64.Build.0 = Debug|Any CPU
		{0ACC4F74-05C2-4BCF-A967-1877B3F8DE3B}.Debug|x64.Deploy.0 = Debug|Any CPU
		{0ACC4F74-05C2-4BCF-A967-1877B3F8DE3B}.Debug|x86.ActiveCfg = Debug|Any CPU
		{0ACC4F74-05C2-4BCF-A967-1877B3F8DE3B}.Debug|x86.Build.0 = Debug|Any CPU
		{0ACC4F74-05C2-4BCF-A967-1877B3F8DE3B}.Debug|x86.Deploy.0 = Debug|Any CPU
		{0ACC4F74-05C2-4BCF-A967-1877B3F8DE3B}.Release|Any CPU.ActiveCfg = Release|Any CPU
		{0ACC4F74-05C2-4BCF-A967-1877B3F8DE3B}.Release|Any CPU.Build.0 = Release|Any CPU
		{0ACC4F74-05C2-4BCF-A967-1877B3F8DE3B}.Release|Any CPU.Deploy.0 = Release|Any CPU
		{0ACC4F74-05C2-4BCF-A967-1877B3F8DE3B}.Release|ARM.ActiveCfg = Release|Any CPU
		{0ACC4F74-05C2-4BCF-A967-1877B3F8DE3B}.Release|ARM.Build.0 = Release|Any CPU
		{0ACC4F74-05C2-4BCF-A967-1877B3F8DE3B}.Release|ARM.Deploy.0 = Release|Any CPU
		{0ACC4F74-05C2-4BCF-A967-1877B3F8DE3B}.Release|iPhone.ActiveCfg = Release|Any CPU
		{0ACC4F74-05C2-4BCF-A967-1877B3F8DE3B}.Release|iPhone.Build.0 = Release|Any CPU
		{0ACC4F74-05C2-4BCF-A967-1877B3F8DE3B}.Release|iPhone.Deploy.0 = Release|Any CPU
		{0ACC4F74-05C2-4BCF-A967-1877B3F8DE3B}.Release|iPhoneSimulator.ActiveCfg = Release|Any CPU
		{0ACC4F74-05C2-4BCF-A967-1877B3F8DE3B}.Release|iPhoneSimulator.Build.0 = Release|Any CPU
		{0ACC4F74-05C2-4BCF-A967-1877B3F8DE3B}.Release|iPhoneSimulator.Deploy.0 = Release|Any CPU
		{0ACC4F74-05C2-4BCF-A967-1877B3F8DE3B}.Release|x64.ActiveCfg = Release|Any CPU
		{0ACC4F74-05C2-4BCF-A967-1877B3F8DE3B}.Release|x64.Build.0 = Release|Any CPU
		{0ACC4F74-05C2-4BCF-A967-1877B3F8DE3B}.Release|x64.Deploy.0 = Release|Any CPU
		{0ACC4F74-05C2-4BCF-A967-1877B3F8DE3B}.Release|x86.ActiveCfg = Release|Any CPU
		{0ACC4F74-05C2-4BCF-A967-1877B3F8DE3B}.Release|x86.Build.0 = Release|Any CPU
		{0ACC4F74-05C2-4BCF-A967-1877B3F8DE3B}.Release|x86.Deploy.0 = Release|Any CPU
		{BB11EAA6-D611-4986-BD07-06E2A488289D}.Ad-Hoc|Any CPU.ActiveCfg = Release|Any CPU
		{BB11EAA6-D611-4986-BD07-06E2A488289D}.Ad-Hoc|Any CPU.Build.0 = Release|Any CPU
		{BB11EAA6-D611-4986-BD07-06E2A488289D}.Ad-Hoc|ARM.ActiveCfg = Release|Any CPU
		{BB11EAA6-D611-4986-BD07-06E2A488289D}.Ad-Hoc|ARM.Build.0 = Release|Any CPU
		{BB11EAA6-D611-4986-BD07-06E2A488289D}.Ad-Hoc|iPhone.ActiveCfg = Release|Any CPU
		{BB11EAA6-D611-4986-BD07-06E2A488289D}.Ad-Hoc|iPhone.Build.0 = Release|Any CPU
		{BB11EAA6-D611-4986-BD07-06E2A488289D}.Ad-Hoc|iPhoneSimulator.ActiveCfg = Release|Any CPU
		{BB11EAA6-D611-4986-BD07-06E2A488289D}.Ad-Hoc|iPhoneSimulator.Build.0 = Release|Any CPU
		{BB11EAA6-D611-4986-BD07-06E2A488289D}.Ad-Hoc|x64.ActiveCfg = Release|Any CPU
		{BB11EAA6-D611-4986-BD07-06E2A488289D}.Ad-Hoc|x64.Build.0 = Release|Any CPU
		{BB11EAA6-D611-4986-BD07-06E2A488289D}.Ad-Hoc|x86.ActiveCfg = Release|Any CPU
		{BB11EAA6-D611-4986-BD07-06E2A488289D}.Ad-Hoc|x86.Build.0 = Release|Any CPU
		{BB11EAA6-D611-4986-BD07-06E2A488289D}.AppStore|Any CPU.ActiveCfg = Release|Any CPU
		{BB11EAA6-D611-4986-BD07-06E2A488289D}.AppStore|Any CPU.Build.0 = Release|Any CPU
		{BB11EAA6-D611-4986-BD07-06E2A488289D}.AppStore|ARM.ActiveCfg = Release|Any CPU
		{BB11EAA6-D611-4986-BD07-06E2A488289D}.AppStore|ARM.Build.0 = Release|Any CPU
		{BB11EAA6-D611-4986-BD07-06E2A488289D}.AppStore|iPhone.ActiveCfg = Release|Any CPU
		{BB11EAA6-D611-4986-BD07-06E2A488289D}.AppStore|iPhone.Build.0 = Release|Any CPU
		{BB11EAA6-D611-4986-BD07-06E2A488289D}.AppStore|iPhoneSimulator.ActiveCfg = Release|Any CPU
		{BB11EAA6-D611-4986-BD07-06E2A488289D}.AppStore|iPhoneSimulator.Build.0 = Release|Any CPU
		{BB11EAA6-D611-4986-BD07-06E2A488289D}.AppStore|x64.ActiveCfg = Release|Any CPU
		{BB11EAA6-D611-4986-BD07-06E2A488289D}.AppStore|x64.Build.0 = Release|Any CPU
		{BB11EAA6-D611-4986-BD07-06E2A488289D}.AppStore|x86.ActiveCfg = Release|Any CPU
		{BB11EAA6-D611-4986-BD07-06E2A488289D}.AppStore|x86.Build.0 = Release|Any CPU
		{BB11EAA6-D611-4986-BD07-06E2A488289D}.Debug|Any CPU.ActiveCfg = Debug|Any CPU
		{BB11EAA6-D611-4986-BD07-06E2A488289D}.Debug|Any CPU.Build.0 = Debug|Any CPU
		{BB11EAA6-D611-4986-BD07-06E2A488289D}.Debug|ARM.ActiveCfg = Debug|Any CPU
		{BB11EAA6-D611-4986-BD07-06E2A488289D}.Debug|ARM.Build.0 = Debug|Any CPU
		{BB11EAA6-D611-4986-BD07-06E2A488289D}.Debug|iPhone.ActiveCfg = Debug|Any CPU
		{BB11EAA6-D611-4986-BD07-06E2A488289D}.Debug|iPhone.Build.0 = Debug|Any CPU
		{BB11EAA6-D611-4986-BD07-06E2A488289D}.Debug|iPhoneSimulator.ActiveCfg = Debug|Any CPU
		{BB11EAA6-D611-4986-BD07-06E2A488289D}.Debug|iPhoneSimulator.Build.0 = Debug|Any CPU
		{BB11EAA6-D611-4986-BD07-06E2A488289D}.Debug|x64.ActiveCfg = Debug|Any CPU
		{BB11EAA6-D611-4986-BD07-06E2A488289D}.Debug|x64.Build.0 = Debug|Any CPU
		{BB11EAA6-D611-4986-BD07-06E2A488289D}.Debug|x86.ActiveCfg = Debug|Any CPU
		{BB11EAA6-D611-4986-BD07-06E2A488289D}.Debug|x86.Build.0 = Debug|Any CPU
		{BB11EAA6-D611-4986-BD07-06E2A488289D}.Release|Any CPU.ActiveCfg = Release|Any CPU
		{BB11EAA6-D611-4986-BD07-06E2A488289D}.Release|Any CPU.Build.0 = Release|Any CPU
		{BB11EAA6-D611-4986-BD07-06E2A488289D}.Release|ARM.ActiveCfg = Release|Any CPU
		{BB11EAA6-D611-4986-BD07-06E2A488289D}.Release|ARM.Build.0 = Release|Any CPU
		{BB11EAA6-D611-4986-BD07-06E2A488289D}.Release|iPhone.ActiveCfg = Release|Any CPU
		{BB11EAA6-D611-4986-BD07-06E2A488289D}.Release|iPhone.Build.0 = Release|Any CPU
		{BB11EAA6-D611-4986-BD07-06E2A488289D}.Release|iPhoneSimulator.ActiveCfg = Release|Any CPU
		{BB11EAA6-D611-4986-BD07-06E2A488289D}.Release|iPhoneSimulator.Build.0 = Release|Any CPU
		{BB11EAA6-D611-4986-BD07-06E2A488289D}.Release|x64.ActiveCfg = Release|Any CPU
		{BB11EAA6-D611-4986-BD07-06E2A488289D}.Release|x64.Build.0 = Release|Any CPU
		{BB11EAA6-D611-4986-BD07-06E2A488289D}.Release|x86.ActiveCfg = Release|Any CPU
		{BB11EAA6-D611-4986-BD07-06E2A488289D}.Release|x86.Build.0 = Release|Any CPU
		{BE76DA43-F5A6-4FFF-A1D9-0233CDF9A302}.Ad-Hoc|Any CPU.ActiveCfg = Release|x86
		{BE76DA43-F5A6-4FFF-A1D9-0233CDF9A302}.Ad-Hoc|Any CPU.Build.0 = Release|x86
		{BE76DA43-F5A6-4FFF-A1D9-0233CDF9A302}.Ad-Hoc|Any CPU.Deploy.0 = Release|x86
		{BE76DA43-F5A6-4FFF-A1D9-0233CDF9A302}.Ad-Hoc|ARM.ActiveCfg = Release|ARM
		{BE76DA43-F5A6-4FFF-A1D9-0233CDF9A302}.Ad-Hoc|ARM.Build.0 = Release|ARM
		{BE76DA43-F5A6-4FFF-A1D9-0233CDF9A302}.Ad-Hoc|ARM.Deploy.0 = Release|ARM
		{BE76DA43-F5A6-4FFF-A1D9-0233CDF9A302}.Ad-Hoc|iPhone.ActiveCfg = Release|x86
		{BE76DA43-F5A6-4FFF-A1D9-0233CDF9A302}.Ad-Hoc|iPhone.Build.0 = Release|x86
		{BE76DA43-F5A6-4FFF-A1D9-0233CDF9A302}.Ad-Hoc|iPhone.Deploy.0 = Release|x86
		{BE76DA43-F5A6-4FFF-A1D9-0233CDF9A302}.Ad-Hoc|iPhoneSimulator.ActiveCfg = Release|x86
		{BE76DA43-F5A6-4FFF-A1D9-0233CDF9A302}.Ad-Hoc|iPhoneSimulator.Build.0 = Release|x86
		{BE76DA43-F5A6-4FFF-A1D9-0233CDF9A302}.Ad-Hoc|iPhoneSimulator.Deploy.0 = Release|x86
		{BE76DA43-F5A6-4FFF-A1D9-0233CDF9A302}.Ad-Hoc|x64.ActiveCfg = Release|x64
		{BE76DA43-F5A6-4FFF-A1D9-0233CDF9A302}.Ad-Hoc|x64.Build.0 = Release|x64
		{BE76DA43-F5A6-4FFF-A1D9-0233CDF9A302}.Ad-Hoc|x64.Deploy.0 = Release|x64
		{BE76DA43-F5A6-4FFF-A1D9-0233CDF9A302}.Ad-Hoc|x86.ActiveCfg = Release|x86
		{BE76DA43-F5A6-4FFF-A1D9-0233CDF9A302}.Ad-Hoc|x86.Build.0 = Release|x86
		{BE76DA43-F5A6-4FFF-A1D9-0233CDF9A302}.Ad-Hoc|x86.Deploy.0 = Release|x86
		{BE76DA43-F5A6-4FFF-A1D9-0233CDF9A302}.AppStore|Any CPU.ActiveCfg = Release|x86
		{BE76DA43-F5A6-4FFF-A1D9-0233CDF9A302}.AppStore|Any CPU.Build.0 = Release|x86
		{BE76DA43-F5A6-4FFF-A1D9-0233CDF9A302}.AppStore|Any CPU.Deploy.0 = Release|x86
		{BE76DA43-F5A6-4FFF-A1D9-0233CDF9A302}.AppStore|ARM.ActiveCfg = Release|ARM
		{BE76DA43-F5A6-4FFF-A1D9-0233CDF9A302}.AppStore|ARM.Build.0 = Release|ARM
		{BE76DA43-F5A6-4FFF-A1D9-0233CDF9A302}.AppStore|ARM.Deploy.0 = Release|ARM
		{BE76DA43-F5A6-4FFF-A1D9-0233CDF9A302}.AppStore|iPhone.ActiveCfg = Release|x86
		{BE76DA43-F5A6-4FFF-A1D9-0233CDF9A302}.AppStore|iPhone.Build.0 = Release|x86
		{BE76DA43-F5A6-4FFF-A1D9-0233CDF9A302}.AppStore|iPhone.Deploy.0 = Release|x86
		{BE76DA43-F5A6-4FFF-A1D9-0233CDF9A302}.AppStore|iPhoneSimulator.ActiveCfg = Release|x86
		{BE76DA43-F5A6-4FFF-A1D9-0233CDF9A302}.AppStore|iPhoneSimulator.Build.0 = Release|x86
		{BE76DA43-F5A6-4FFF-A1D9-0233CDF9A302}.AppStore|iPhoneSimulator.Deploy.0 = Release|x86
		{BE76DA43-F5A6-4FFF-A1D9-0233CDF9A302}.AppStore|x64.ActiveCfg = Release|x64
		{BE76DA43-F5A6-4FFF-A1D9-0233CDF9A302}.AppStore|x64.Build.0 = Release|x64
		{BE76DA43-F5A6-4FFF-A1D9-0233CDF9A302}.AppStore|x64.Deploy.0 = Release|x64
		{BE76DA43-F5A6-4FFF-A1D9-0233CDF9A302}.AppStore|x86.ActiveCfg = Release|x86
		{BE76DA43-F5A6-4FFF-A1D9-0233CDF9A302}.AppStore|x86.Build.0 = Release|x86
		{BE76DA43-F5A6-4FFF-A1D9-0233CDF9A302}.AppStore|x86.Deploy.0 = Release|x86
		{BE76DA43-F5A6-4FFF-A1D9-0233CDF9A302}.Debug|Any CPU.ActiveCfg = Debug|x86
		{BE76DA43-F5A6-4FFF-A1D9-0233CDF9A302}.Debug|ARM.ActiveCfg = Debug|ARM
		{BE76DA43-F5A6-4FFF-A1D9-0233CDF9A302}.Debug|ARM.Build.0 = Debug|ARM
		{BE76DA43-F5A6-4FFF-A1D9-0233CDF9A302}.Debug|ARM.Deploy.0 = Debug|ARM
		{BE76DA43-F5A6-4FFF-A1D9-0233CDF9A302}.Debug|iPhone.ActiveCfg = Debug|x86
		{BE76DA43-F5A6-4FFF-A1D9-0233CDF9A302}.Debug|iPhoneSimulator.ActiveCfg = Debug|x86
		{BE76DA43-F5A6-4FFF-A1D9-0233CDF9A302}.Debug|x64.ActiveCfg = Debug|x64
		{BE76DA43-F5A6-4FFF-A1D9-0233CDF9A302}.Debug|x64.Build.0 = Debug|x64
		{BE76DA43-F5A6-4FFF-A1D9-0233CDF9A302}.Debug|x64.Deploy.0 = Debug|x64
		{BE76DA43-F5A6-4FFF-A1D9-0233CDF9A302}.Debug|x86.ActiveCfg = Debug|x86
		{BE76DA43-F5A6-4FFF-A1D9-0233CDF9A302}.Debug|x86.Build.0 = Debug|x86
		{BE76DA43-F5A6-4FFF-A1D9-0233CDF9A302}.Debug|x86.Deploy.0 = Debug|x86
		{BE76DA43-F5A6-4FFF-A1D9-0233CDF9A302}.Release|Any CPU.ActiveCfg = Release|x86
		{BE76DA43-F5A6-4FFF-A1D9-0233CDF9A302}.Release|ARM.ActiveCfg = Release|ARM
		{BE76DA43-F5A6-4FFF-A1D9-0233CDF9A302}.Release|ARM.Build.0 = Release|ARM
		{BE76DA43-F5A6-4FFF-A1D9-0233CDF9A302}.Release|ARM.Deploy.0 = Release|ARM
		{BE76DA43-F5A6-4FFF-A1D9-0233CDF9A302}.Release|iPhone.ActiveCfg = Release|x86
		{BE76DA43-F5A6-4FFF-A1D9-0233CDF9A302}.Release|iPhoneSimulator.ActiveCfg = Release|x86
		{BE76DA43-F5A6-4FFF-A1D9-0233CDF9A302}.Release|x64.ActiveCfg = Release|x64
		{BE76DA43-F5A6-4FFF-A1D9-0233CDF9A302}.Release|x64.Build.0 = Release|x64
		{BE76DA43-F5A6-4FFF-A1D9-0233CDF9A302}.Release|x64.Deploy.0 = Release|x64
		{BE76DA43-F5A6-4FFF-A1D9-0233CDF9A302}.Release|x86.ActiveCfg = Release|x86
		{BE76DA43-F5A6-4FFF-A1D9-0233CDF9A302}.Release|x86.Build.0 = Release|x86
		{BE76DA43-F5A6-4FFF-A1D9-0233CDF9A302}.Release|x86.Deploy.0 = Release|x86
		{BF718824-9D41-4DD6-8FDE-87918D9F9315}.Ad-Hoc|Any CPU.ActiveCfg = Ad-Hoc|iPhone
		{BF718824-9D41-4DD6-8FDE-87918D9F9315}.Ad-Hoc|ARM.ActiveCfg = Ad-Hoc|iPhone
		{BF718824-9D41-4DD6-8FDE-87918D9F9315}.Ad-Hoc|iPhone.ActiveCfg = Ad-Hoc|iPhone
		{BF718824-9D41-4DD6-8FDE-87918D9F9315}.Ad-Hoc|iPhone.Build.0 = Ad-Hoc|iPhone
		{BF718824-9D41-4DD6-8FDE-87918D9F9315}.Ad-Hoc|iPhoneSimulator.ActiveCfg = Ad-Hoc|iPhoneSimulator
		{BF718824-9D41-4DD6-8FDE-87918D9F9315}.Ad-Hoc|iPhoneSimulator.Build.0 = Ad-Hoc|iPhoneSimulator
		{BF718824-9D41-4DD6-8FDE-87918D9F9315}.Ad-Hoc|x64.ActiveCfg = Ad-Hoc|iPhone
		{BF718824-9D41-4DD6-8FDE-87918D9F9315}.Ad-Hoc|x86.ActiveCfg = Ad-Hoc|iPhone
		{BF718824-9D41-4DD6-8FDE-87918D9F9315}.AppStore|Any CPU.ActiveCfg = AppStore|iPhone
		{BF718824-9D41-4DD6-8FDE-87918D9F9315}.AppStore|ARM.ActiveCfg = AppStore|iPhone
		{BF718824-9D41-4DD6-8FDE-87918D9F9315}.AppStore|iPhone.ActiveCfg = AppStore|iPhone
		{BF718824-9D41-4DD6-8FDE-87918D9F9315}.AppStore|iPhone.Build.0 = AppStore|iPhone
		{BF718824-9D41-4DD6-8FDE-87918D9F9315}.AppStore|iPhoneSimulator.ActiveCfg = AppStore|iPhoneSimulator
		{BF718824-9D41-4DD6-8FDE-87918D9F9315}.AppStore|iPhoneSimulator.Build.0 = AppStore|iPhoneSimulator
		{BF718824-9D41-4DD6-8FDE-87918D9F9315}.AppStore|x64.ActiveCfg = AppStore|iPhone
		{BF718824-9D41-4DD6-8FDE-87918D9F9315}.AppStore|x86.ActiveCfg = AppStore|iPhone
		{BF718824-9D41-4DD6-8FDE-87918D9F9315}.Debug|Any CPU.ActiveCfg = Debug|iPhone
		{BF718824-9D41-4DD6-8FDE-87918D9F9315}.Debug|ARM.ActiveCfg = Debug|iPhone
		{BF718824-9D41-4DD6-8FDE-87918D9F9315}.Debug|iPhone.ActiveCfg = Debug|iPhone
		{BF718824-9D41-4DD6-8FDE-87918D9F9315}.Debug|iPhone.Build.0 = Debug|iPhone
		{BF718824-9D41-4DD6-8FDE-87918D9F9315}.Debug|iPhoneSimulator.ActiveCfg = Debug|iPhoneSimulator
		{BF718824-9D41-4DD6-8FDE-87918D9F9315}.Debug|iPhoneSimulator.Build.0 = Debug|iPhoneSimulator
		{BF718824-9D41-4DD6-8FDE-87918D9F9315}.Debug|x64.ActiveCfg = Debug|iPhone
		{BF718824-9D41-4DD6-8FDE-87918D9F9315}.Debug|x86.ActiveCfg = Debug|iPhone
		{BF718824-9D41-4DD6-8FDE-87918D9F9315}.Release|Any CPU.ActiveCfg = Release|iPhone
		{BF718824-9D41-4DD6-8FDE-87918D9F9315}.Release|ARM.ActiveCfg = Release|iPhone
		{BF718824-9D41-4DD6-8FDE-87918D9F9315}.Release|iPhone.ActiveCfg = Release|iPhone
		{BF718824-9D41-4DD6-8FDE-87918D9F9315}.Release|iPhone.Build.0 = Release|iPhone
		{BF718824-9D41-4DD6-8FDE-87918D9F9315}.Release|iPhoneSimulator.ActiveCfg = Release|iPhoneSimulator
		{BF718824-9D41-4DD6-8FDE-87918D9F9315}.Release|iPhoneSimulator.Build.0 = Release|iPhoneSimulator
		{BF718824-9D41-4DD6-8FDE-87918D9F9315}.Release|x64.ActiveCfg = Release|iPhone
		{BF718824-9D41-4DD6-8FDE-87918D9F9315}.Release|x86.ActiveCfg = Release|iPhone
	EndGlobalSection
	GlobalSection(SolutionProperties) = preSolution
		HideSolutionNode = FALSE
	EndGlobalSection
EndGlobal
